
Microsoft Visual Studio Solution File, Format Version 12.00
# Visual Studio Version 17
VisualStudioVersion = 17.2.32526.322
MinimumVisualStudioVersion = 10.0.40219.1
Project("{9A19103F-16F7-4668-BE54-9A1E7A4F7556}") = "Rules8x8", "Rules8x8\Rules8x8.csproj", "{433D642A-A1D0-49C4-8B47-EAC0DC2CD07C}"
EndProject
Project("{FAE04EC0-301F-11D3-BF4B-00C04F79EFBC}") = "Rules8x8.Tests", "Rules8x8.Tests\Rules8x8.Tests.csproj", "{629DDF46-E9CE-4EBD-8BA3-25012594C904}"
EndProject
Global
	GlobalSection(SolutionConfigurationPlatforms) = preSolution
		Debug|Any CPU = Debug|Any CPU
		Release|Any CPU = Release|Any CPU
	EndGlobalSection
	GlobalSection(ProjectConfigurationPlatforms) = postSolution
		{433D642A-A1D0-49C4-8B47-EAC0DC2CD07C}.Debug|Any CPU.ActiveCfg = Debug|Any CPU
		{433D642A-A1D0-49C4-8B47-EAC0DC2CD07C}.Debug|Any CPU.Build.0 = Debug|Any CPU
		{433D642A-A1D0-49C4-8B47-EAC0DC2CD07C}.Release|Any CPU.ActiveCfg = Release|Any CPU
		{433D642A-A1D0-49C4-8B47-EAC0DC2CD07C}.Release|Any CPU.Build.0 = Release|Any CPU
		{629DDF46-E9CE-4EBD-8BA3-25012594C904}.Debug|Any CPU.ActiveCfg = Debug|Any CPU
		{629DDF46-E9CE-4EBD-8BA3-25012594C904}.Debug|Any CPU.Build.0 = Debug|Any CPU
		{629DDF46-E9CE-4EBD-8BA3-25012594C904}.Release|Any CPU.ActiveCfg = Release|Any CPU
		{629DDF46-E9CE-4EBD-8BA3-25012594C904}.Release|Any CPU.Build.0 = Release|Any CPU
	EndGlobalSection
	GlobalSection(SolutionProperties) = preSolution
		HideSolutionNode = FALSE
	EndGlobalSection
	GlobalSection(ExtensibilityGlobals) = postSolution
		SolutionGuid = {B9E540E0-C0C0-4F62-B940-99FF3D7FCA74}
	EndGlobalSection
EndGlobal
